
Microsoft Visual Studio Solution File, Format Version 12.00
# Visual Studio 15
VisualStudioVersion = 15.0.27004.2009
MinimumVisualStudioVersion = 10.0.40219.1
Project("{FAE04EC0-301F-11D3-BF4B-00C04F79EFBC}") = "WebSite_BusinessOdyssey", "WebSite_BusinessOdyssey\WebSite_BusinessOdyssey.csproj", "{4BC42A2B-1177-4C6D-949A-71CDD780FE61}"
EndProject
Project("{E24C65DC-7377-472B-9ABA-BC803B73C61A}") = "WebSite2", "..\..\..\WebSites\WebSite2\", "{A8E3EC34-983E-4CC0-8DDD-86C64E62F7BB}"
	ProjectSection(WebsiteProperties) = preProject
		TargetFrameworkMoniker = ".NETFramework,Version%3Dv4.6.1"
		Debug.AspNetCompiler.VirtualPath = "/localhost_53502"
		Debug.AspNetCompiler.PhysicalPath = "..\..\..\WebSites\WebSite2\"
		Debug.AspNetCompiler.TargetPath = "PrecompiledWeb\localhost_53502\"
		Debug.AspNetCompiler.Updateable = "true"
		Debug.AspNetCompiler.ForceOverwrite = "true"
		Debug.AspNetCompiler.FixedNames = "false"
		Debug.AspNetCompiler.Debug = "True"
		Release.AspNetCompiler.VirtualPath = "/localhost_53502"
		Release.AspNetCompiler.PhysicalPath = "..\..\..\WebSites\WebSite2\"
		Release.AspNetCompiler.TargetPath = "PrecompiledWeb\localhost_53502\"
		Release.AspNetCompiler.Updateable = "true"
		Release.AspNetCompiler.ForceOverwrite = "true"
		Release.AspNetCompiler.FixedNames = "false"
		Release.AspNetCompiler.Debug = "False"
		VWDPort = "53502"
		SlnRelativePath = "..\..\..\WebSites\WebSite2\"
		DefaultWebSiteLanguage = "Visual C#"
	EndProjectSection
EndProject
Project("{2150E333-8FDC-42A3-9474-1A3956D46DE8}") = "NewFolder1", "NewFolder1", "{F9ADC933-9C52-489E-B574-32BE35C551B8}"
EndProject
Global
	GlobalSection(SolutionConfigurationPlatforms) = preSolution
		Debug|Any CPU = Debug|Any CPU
		Release|Any CPU = Release|Any CPU
	EndGlobalSection
	GlobalSection(ProjectConfigurationPlatforms) = postSolution
		{4BC42A2B-1177-4C6D-949A-71CDD780FE61}.Debug|Any CPU.ActiveCfg = Debug|Any CPU
		{4BC42A2B-1177-4C6D-949A-71CDD780FE61}.Debug|Any CPU.Build.0 = Debug|Any CPU
		{4BC42A2B-1177-4C6D-949A-71CDD780FE61}.Release|Any CPU.ActiveCfg = Release|Any CPU
		{4BC42A2B-1177-4C6D-949A-71CDD780FE61}.Release|Any CPU.Build.0 = Release|Any CPU
		{A8E3EC34-983E-4CC0-8DDD-86C64E62F7BB}.Debug|Any CPU.ActiveCfg = Debug|Any CPU
		{A8E3EC34-983E-4CC0-8DDD-86C64E62F7BB}.Debug|Any CPU.Build.0 = Debug|Any CPU
		{A8E3EC34-983E-4CC0-8DDD-86C64E62F7BB}.Release|Any CPU.ActiveCfg = Debug|Any CPU
		{A8E3EC34-983E-4CC0-8DDD-86C64E62F7BB}.Release|Any CPU.Build.0 = Debug|Any CPU
	EndGlobalSection
	GlobalSection(SolutionProperties) = preSolution
		HideSolutionNode = FALSE
	EndGlobalSection
	GlobalSection(NestedProjects) = preSolution
		{4BC42A2B-1177-4C6D-949A-71CDD780FE61} = {F9ADC933-9C52-489E-B574-32BE35C551B8}
		{A8E3EC34-983E-4CC0-8DDD-86C64E62F7BB} = {F9ADC933-9C52-489E-B574-32BE35C551B8}
	EndGlobalSection
	GlobalSection(ExtensibilityGlobals) = postSolution
		SolutionGuid = {441B1344-C446-4E38-9485-F9BC7EBA291F}
	EndGlobalSection
EndGlobal
